
Microsoft Visual Studio Solution File, Format Version 12.00
# Visual Studio 15
VisualStudioVersion = 15.0.28307.106
MinimumVisualStudioVersion = 10.0.40219.1
Project("{FAE04EC0-301F-11D3-BF4B-00C04F79EFBC}") = "IdentityRazor", "IdentityRazor\IdentityRazor.csproj", "{ADBDF8E6-D7DB-46EE-8239-99FD77EF70AD}"
EndProject
Global
	GlobalSection(SolutionConfigurationPlatforms) = preSolution
		Debug|Any CPU = Debug|Any CPU
		Release|Any CPU = Release|Any CPU
	EndGlobalSection
	GlobalSection(ProjectConfigurationPlatforms) = postSolution
		{ADBDF8E6-D7DB-46EE-8239-99FD77EF70AD}.Debug|Any CPU.ActiveCfg = Debug|Any CPU
		{ADBDF8E6-D7DB-46EE-8239-99FD77EF70AD}.Debug|Any CPU.Build.0 = Debug|Any CPU
		{ADBDF8E6-D7DB-46EE-8239-99FD77EF70AD}.Release|Any CPU.ActiveCfg = Release|Any CPU
		{ADBDF8E6-D7DB-46EE-8239-99FD77EF70AD}.Release|Any CPU.Build.0 = Release|Any CPU
	EndGlobalSection
	GlobalSection(SolutionProperties) = preSolution
		HideSolutionNode = FALSE
	EndGlobalSection
	GlobalSection(ExtensibilityGlobals) = postSolution
		SolutionGuid = {CF9E4292-FC7F-4C7F-B6E6-62568DA55174}
	EndGlobalSection
EndGlobal
